
Microsoft Visual Studio Solution File, Format Version 12.00
# Visual Studio Version 16
VisualStudioVersion = 16.0.31624.102
MinimumVisualStudioVersion = 10.0.40219.1
Project("{9A19103F-16F7-4668-BE54-9A1E7A4F7556}") = "MarketDataServiceAPI", "MarketDataServiceAPI.csproj", "{E4F632FD-68A6-41EB-AC73-64ACF97BA89E}"
EndProject
Project("{9A19103F-16F7-4668-BE54-9A1E7A4F7556}") = "SignalsEngine", "..\SignalsEngine\SignalsEngine.csproj", "{6BF587D5-EFEC-47FD-871F-C1DCF479C611}"
EndProject
Project("{9A19103F-16F7-4668-BE54-9A1E7A4F7556}") = "MarketDataClient", "..\MarketDataClient\MarketDataClient.csproj", "{67FDF098-43E9-4301-BE86-02FED69E6935}"
EndProject
Project("{9A19103F-16F7-4668-BE54-9A1E7A4F7556}") = "UtilsLib", "..\UtilsLib\UtilsLib.csproj", "{D793A06C-D572-4B5D-A351-5B40C621B8B6}"
EndProject
Project("{FAE04EC0-301F-11D3-BF4B-00C04F79EFBC}") = "MarketDataService", "..\MarketDataService\MarketDataService.csproj", "{4FE921D2-C207-47D1-89AD-16EC96DBB2D5}"
EndProject
Global
	GlobalSection(SolutionConfigurationPlatforms) = preSolution
		Debug|Any CPU = Debug|Any CPU
		Release|Any CPU = Release|Any CPU
	EndGlobalSection
	GlobalSection(ProjectConfigurationPlatforms) = postSolution
		{E4F632FD-68A6-41EB-AC73-64ACF97BA89E}.Debug|Any CPU.ActiveCfg = Debug|Any CPU
		{E4F632FD-68A6-41EB-AC73-64ACF97BA89E}.Debug|Any CPU.Build.0 = Debug|Any CPU
		{E4F632FD-68A6-41EB-AC73-64ACF97BA89E}.Release|Any CPU.ActiveCfg = Release|Any CPU
		{E4F632FD-68A6-41EB-AC73-64ACF97BA89E}.Release|Any CPU.Build.0 = Release|Any CPU
		{6BF587D5-EFEC-47FD-871F-C1DCF479C611}.Debug|Any CPU.ActiveCfg = Debug|Any CPU
		{6BF587D5-EFEC-47FD-871F-C1DCF479C611}.Debug|Any CPU.Build.0 = Debug|Any CPU
		{6BF587D5-EFEC-47FD-871F-C1DCF479C611}.Release|Any CPU.ActiveCfg = Release|Any CPU
		{6BF587D5-EFEC-47FD-871F-C1DCF479C611}.Release|Any CPU.Build.0 = Release|Any CPU
		{67FDF098-43E9-4301-BE86-02FED69E6935}.Debug|Any CPU.ActiveCfg = Debug|Any CPU
		{67FDF098-43E9-4301-BE86-02FED69E6935}.Debug|Any CPU.Build.0 = Debug|Any CPU
		{67FDF098-43E9-4301-BE86-02FED69E6935}.Release|Any CPU.ActiveCfg = Release|Any CPU
		{67FDF098-43E9-4301-BE86-02FED69E6935}.Release|Any CPU.Build.0 = Release|Any CPU
		{D793A06C-D572-4B5D-A351-5B40C621B8B6}.Debug|Any CPU.ActiveCfg = Debug|Any CPU
		{D793A06C-D572-4B5D-A351-5B40C621B8B6}.Debug|Any CPU.Build.0 = Debug|Any CPU
		{D793A06C-D572-4B5D-A351-5B40C621B8B6}.Release|Any CPU.ActiveCfg = Release|Any CPU
		{D793A06C-D572-4B5D-A351-5B40C621B8B6}.Release|Any CPU.Build.0 = Release|Any CPU
		{4FE921D2-C207-47D1-89AD-16EC96DBB2D5}.Debug|Any CPU.ActiveCfg = Debug|Any CPU
		{4FE921D2-C207-47D1-89AD-16EC96DBB2D5}.Debug|Any CPU.Build.0 = Debug|Any CPU
		{4FE921D2-C207-47D1-89AD-16EC96DBB2D5}.Release|Any CPU.ActiveCfg = Release|Any CPU
		{4FE921D2-C207-47D1-89AD-16EC96DBB2D5}.Release|Any CPU.Build.0 = Release|Any CPU
	EndGlobalSection
	GlobalSection(SolutionProperties) = preSolution
		HideSolutionNode = FALSE
	EndGlobalSection
	GlobalSection(ExtensibilityGlobals) = postSolution
		SolutionGuid = {29BDFE70-6E87-4E23-800C-E6019146E35A}
	EndGlobalSection
EndGlobal
