
Microsoft Visual Studio Solution File, Format Version 12.00
# Visual Studio Version 16
VisualStudioVersion = 16.0.29503.13
MinimumVisualStudioVersion = 10.0.40219.1
Project("{9A19103F-16F7-4668-BE54-9A1E7A4F7556}") = "BrokerLib", "BrokerLib.csproj", "{682170B3-2A52-4742-9666-48FF6AA1EB51}"
EndProject
Project("{9A19103F-16F7-4668-BE54-9A1E7A4F7556}") = "UtilsLib", "..\UtilsLib\UtilsLib.csproj", "{8993D8C5-6291-4DEA-9822-9B63267CBCCD}"
EndProject
Global
	GlobalSection(SolutionConfigurationPlatforms) = preSolution
		Debug|Any CPU = Debug|Any CPU
		Release|Any CPU = Release|Any CPU
	EndGlobalSection
	GlobalSection(ProjectConfigurationPlatforms) = postSolution
		{682170B3-2A52-4742-9666-48FF6AA1EB51}.Debug|Any CPU.ActiveCfg = Debug|Any CPU
		{682170B3-2A52-4742-9666-48FF6AA1EB51}.Debug|Any CPU.Build.0 = Debug|Any CPU
		{682170B3-2A52-4742-9666-48FF6AA1EB51}.Release|Any CPU.ActiveCfg = Release|Any CPU
		{682170B3-2A52-4742-9666-48FF6AA1EB51}.Release|Any CPU.Build.0 = Release|Any CPU
		{8993D8C5-6291-4DEA-9822-9B63267CBCCD}.Debug|Any CPU.ActiveCfg = Debug|Any CPU
		{8993D8C5-6291-4DEA-9822-9B63267CBCCD}.Debug|Any CPU.Build.0 = Debug|Any CPU
		{8993D8C5-6291-4DEA-9822-9B63267CBCCD}.Release|Any CPU.ActiveCfg = Release|Any CPU
		{8993D8C5-6291-4DEA-9822-9B63267CBCCD}.Release|Any CPU.Build.0 = Release|Any CPU
	EndGlobalSection
	GlobalSection(SolutionProperties) = preSolution
		HideSolutionNode = FALSE
	EndGlobalSection
	GlobalSection(ExtensibilityGlobals) = postSolution
		SolutionGuid = {4250405C-C1A4-40D5-9CF2-0F2C9561A507}
	EndGlobalSection
EndGlobal
